// !$*UTF8*$!
{
	archiveVersion = 1;
	classes = {
	};
	objectVersion = 50;
	objects = {

/* Begin PBXBuildFile section */
		A8610D3D25D149EE0072FECA /* AppDelegate.swift in Sources */ = {isa = PBXBuildFile; fileRef = A8610D3C25D149EE0072FECA /* AppDelegate.swift */; };
		A8610D3F25D149EE0072FECA /* SceneDelegate.swift in Sources */ = {isa = PBXBuildFile; fileRef = A8610D3E25D149EE0072FECA /* SceneDelegate.swift */; };
		A8610D4125D149EE0072FECA /* CommentsViewController.swift in Sources */ = {isa = PBXBuildFile; fileRef = A8610D4025D149EE0072FECA /* CommentsViewController.swift */; };
		A8610D4425D149EE0072FECA /* Comments.storyboard in Resources */ = {isa = PBXBuildFile; fileRef = A8610D4225D149EE0072FECA /* Comments.storyboard */; };
		A8610D4725D149EE0072FECA /* MVC.xcdatamodeld in Sources */ = {isa = PBXBuildFile; fileRef = A8610D4525D149EE0072FECA /* MVC.xcdatamodeld */; };
		A8610D4925D149F10072FECA /* Assets.xcassets in Resources */ = {isa = PBXBuildFile; fileRef = A8610D4825D149F10072FECA /* Assets.xcassets */; };
		A8610D4C25D149F10072FECA /* LaunchScreen.storyboard in Resources */ = {isa = PBXBuildFile; fileRef = A8610D4A25D149F10072FECA /* LaunchScreen.storyboard */; };
		A8610D6225D183560072FECA /* Comment.swift in Sources */ = {isa = PBXBuildFile; fileRef = A8610D6125D183560072FECA /* Comment.swift */; };
		A8F7B77425D188EE0044400E /* CommentTableViewCell.swift in Sources */ = {isa = PBXBuildFile; fileRef = A8F7B77325D188EE0044400E /* CommentTableViewCell.swift */; };
/* End PBXBuildFile section */

/* Begin PBXFileReference section */
		A8610D3925D149EE0072FECA /* MVC.app */ = {isa = PBXFileReference; explicitFileType = wrapper.application; includeInIndex = 0; path = MVC.app; sourceTree = BUILT_PRODUCTS_DIR; };
		A8610D3C25D149EE0072FECA /* AppDelegate.swift */ = {isa = PBXFileReference; lastKnownFileType = sourcecode.swift; path = AppDelegate.swift; sourceTree = "<group>"; };
		A8610D3E25D149EE0072FECA /* SceneDelegate.swift */ = {isa = PBXFileReference; lastKnownFileType = sourcecode.swift; path = SceneDelegate.swift; sourceTree = "<group>"; };
		A8610D4025D149EE0072FECA /* CommentsViewController.swift */ = {isa = PBXFileReference; lastKnownFileType = sourcecode.swift; path = CommentsViewController.swift; sourceTree = "<group>"; };
		A8610D4325D149EE0072FECA /* Base */ = {isa = PBXFileReference; lastKnownFileType = file.storyboard; name = Base; path = Base.lproj/Comments.storyboard; sourceTree = "<group>"; };
		A8610D4625D149EE0072FECA /* MVC.xcdatamodel */ = {isa = PBXFileReference; lastKnownFileType = wrapper.xcdatamodel; path = MVC.xcdatamodel; sourceTree = "<group>"; };
		A8610D4825D149F10072FECA /* Assets.xcassets */ = {isa = PBXFileReference; lastKnownFileType = folder.assetcatalog; path = Assets.xcassets; sourceTree = "<group>"; };
		A8610D4B25D149F10072FECA /* Base */ = {isa = PBXFileReference; lastKnownFileType = file.storyboard; name = Base; path = Base.lproj/LaunchScreen.storyboard; sourceTree = "<group>"; };
		A8610D4D25D149F10072FECA /* Info.plist */ = {isa = PBXFileReference; lastKnownFileType = text.plist.xml; path = Info.plist; sourceTree = "<group>"; };
		A8610D6125D183560072FECA /* Comment.swift */ = {isa = PBXFileReference; lastKnownFileType = sourcecode.swift; path = Comment.swift; sourceTree = "<group>"; };
		A8F7B77325D188EE0044400E /* CommentTableViewCell.swift */ = {isa = PBXFileReference; lastKnownFileType = sourcecode.swift; path = CommentTableViewCell.swift; sourceTree = "<group>"; };
/* End PBXFileReference section */

/* Begin PBXFrameworksBuildPhase section */
		A8610D3625D149EE0072FECA /* Frameworks */ = {
			isa = PBXFrameworksBuildPhase;
			buildActionMask = 2147483647;
			files = (
			);
			runOnlyForDeploymentPostprocessing = 0;
		};
/* End PBXFrameworksBuildPhase section */

/* Begin PBXGroup section */
		A8610D3025D149EE0072FECA = {
			isa = PBXGroup;
			children = (
				A8610D3B25D149EE0072FECA /* MVC */,
				A8610D3A25D149EE0072FECA /* Products */,
			);
			sourceTree = "<group>";
		};
		A8610D3A25D149EE0072FECA /* Products */ = {
			isa = PBXGroup;
			children = (
				A8610D3925D149EE0072FECA /* MVC.app */,
			);
			name = Products;
			sourceTree = "<group>";
		};
		A8610D3B25D149EE0072FECA /* MVC */ = {
			isa = PBXGroup;
			children = (
				A8610D5525D14C560072FECA /* Application */,
				A8610D5625D14C610072FECA /* Comments */,
				A8610D5725D14C690072FECA /* Supporting Files */,
				A8610D3E25D149EE0072FECA /* SceneDelegate.swift */,
			);
			path = MVC;
			sourceTree = "<group>";
		};
		A8610D5525D14C560072FECA /* Application */ = {
			isa = PBXGroup;
			children = (
				A8610D5B25D14CDB0072FECA /* Model */,
				A8610D5A25D14CD30072FECA /* View */,
				A8610D5925D14CC70072FECA /* Controller */,
			);
			path = Application;
			sourceTree = "<group>";
		};
		A8610D5625D14C610072FECA /* Comments */ = {
			isa = PBXGroup;
			children = (
				A8610D5E25D14CF70072FECA /* Model */,
				A8610D5D25D14CF10072FECA /* View */,
				A8610D5C25D14CE80072FECA /* Controller */,
			);
			path = Comments;
			sourceTree = "<group>";
		};
		A8610D5725D14C690072FECA /* Supporting Files */ = {
			isa = PBXGroup;
			children = (
				A8610D4525D149EE0072FECA /* MVC.xcdatamodeld */,
				A8610D4825D149F10072FECA /* Assets.xcassets */,
				A8610D4D25D149F10072FECA /* Info.plist */,
			);
			path = "Supporting Files";
			sourceTree = "<group>";
		};
		A8610D5925D14CC70072FECA /* Controller */ = {
			isa = PBXGroup;
			children = (
				A8610D3C25D149EE0072FECA /* AppDelegate.swift */,
			);
			path = Controller;
			sourceTree = "<group>";
		};
		A8610D5A25D14CD30072FECA /* View */ = {
			isa = PBXGroup;
			children = (
				A8610D4A25D149F10072FECA /* LaunchScreen.storyboard */,
			);
			path = View;
			sourceTree = "<group>";
		};
		A8610D5B25D14CDB0072FECA /* Model */ = {
			isa = PBXGroup;
			children = (
			);
			path = Model;
			sourceTree = "<group>";
		};
		A8610D5C25D14CE80072FECA /* Controller */ = {
			isa = PBXGroup;
			children = (
				A8610D4025D149EE0072FECA /* CommentsViewController.swift */,
				A8F7B77325D188EE0044400E /* CommentTableViewCell.swift */,
			);
			path = Controller;
			sourceTree = "<group>";
		};
		A8610D5D25D14CF10072FECA /* View */ = {
			isa = PBXGroup;
			children = (
				A8610D4225D149EE0072FECA /* Comments.storyboard */,
			);
			path = View;
			sourceTree = "<group>";
		};
		A8610D5E25D14CF70072FECA /* Model */ = {
			isa = PBXGroup;
			children = (
				A8610D6125D183560072FECA /* Comment.swift */,
			);
			path = Model;
			sourceTree = "<group>";
		};
/* End PBXGroup section */

/* Begin PBXNativeTarget section */
		A8610D3825D149EE0072FECA /* MVC */ = {
			isa = PBXNativeTarget;
			buildConfigurationList = A8610D5025D149F10072FECA /* Build configuration list for PBXNativeTarget "MVC" */;
			buildPhases = (
				A8610D3525D149EE0072FECA /* Sources */,
				A8610D3625D149EE0072FECA /* Frameworks */,
				A8610D3725D149EE0072FECA /* Resources */,
			);
			buildRules = (
			);
			dependencies = (
			);
			name = MVC;
			productName = MVC;
			productReference = A8610D3925D149EE0072FECA /* MVC.app */;
			productType = "com.apple.product-type.application";
		};
/* End PBXNativeTarget section */

/* Begin PBXProject section */
		A8610D3125D149EE0072FECA /* Project object */ = {
			isa = PBXProject;
			attributes = {
				LastSwiftUpdateCheck = 1240;
				LastUpgradeCheck = 1240;
				TargetAttributes = {
					A8610D3825D149EE0072FECA = {
						CreatedOnToolsVersion = 12.4;
					};
				};
			};
			buildConfigurationList = A8610D3425D149EE0072FECA /* Build configuration list for PBXProject "MVC" */;
			compatibilityVersion = "Xcode 9.3";
			developmentRegion = en;
			hasScannedForEncodings = 0;
			knownRegions = (
				en,
				Base,
			);
			mainGroup = A8610D3025D149EE0072FECA;
			productRefGroup = A8610D3A25D149EE0072FECA /* Products */;
			projectDirPath = "";
			projectRoot = "";
			targets = (
				A8610D3825D149EE0072FECA /* MVC */,
			);
		};
/* End PBXProject section */

/* Begin PBXResourcesBuildPhase section */
		A8610D3725D149EE0072FECA /* Resources */ = {
			isa = PBXResourcesBuildPhase;
			buildActionMask = 2147483647;
			files = (
				A8610D4C25D149F10072FECA /* LaunchScreen.storyboard in Resources */,
				A8610D4925D149F10072FECA /* Assets.xcassets in Resources */,
				A8610D4425D149EE0072FECA /* Comments.storyboard in Resources */,
			);
			runOnlyForDeploymentPostprocessing = 0;
		};
/* End PBXResourcesBuildPhase section */

/* Begin PBXSourcesBuildPhase section */
		A8610D3525D149EE0072FECA /* Sources */ = {
			isa = PBXSourcesBuildPhase;
			buildActionMask = 2147483647;
			files = (
				A8610D6225D183560072FECA /* Comment.swift in Sources */,
				A8F7B77425D188EE0044400E /* CommentTableViewCell.swift in Sources */,
				A8610D4125D149EE0072FECA /* CommentsViewController.swift in Sources */,
				A8610D3D25D149EE0072FECA /* AppDelegate.swift in Sources */,
				A8610D4725D149EE0072FECA /* MVC.xcdatamodeld in Sources */,
				A8610D3F25D149EE0072FECA /* SceneDelegate.swift in Sources */,
			);
			runOnlyForDeploymentPostprocessing = 0;
		};
/* End PBXSourcesBuildPhase section */

/* Begin PBXVariantGroup section */
		A8610D4225D149EE0072FECA /* Comments.storyboard */ = {
			isa = PBXVariantGroup;
			children = (
				A8610D4325D149EE0072FECA /* Base */,
			);
			name = Comments.storyboard;
			sourceTree = "<group>";
		};
		A8610D4A25D149F10072FECA /* LaunchScreen.storyboard */ = {
			isa = PBXVariantGroup;
			children = (
				A8610D4B25D149F10072FECA /* Base */,
			);
			name = LaunchScreen.storyboard;
			sourceTree = "<group>";
		};
/* End PBXVariantGroup section */

/* Begin XCBuildConfiguration section */
		A8610D4E25D149F10072FECA /* Debug */ = {
			isa = XCBuildConfiguration;
			buildSettings = {
				ALWAYS_SEARCH_USER_PATHS = NO;
				CLANG_ANALYZER_NONNULL = YES;
				CLANG_ANALYZER_NUMBER_OBJECT_CONVERSION = YES_AGGRESSIVE;
				CLANG_CXX_LANGUAGE_STANDARD = "gnu++14";
				CLANG_CXX_LIBRARY = "libc++";
				CLANG_ENABLE_MODULES = YES;
				CLANG_ENABLE_OBJC_ARC = YES;
				CLANG_ENABLE_OBJC_WEAK = YES;
				CLANG_WARN_BLOCK_CAPTURE_AUTORELEASING = YES;
				CLANG_WARN_BOOL_CONVERSION = YES;
				CLANG_WARN_COMMA = YES;
				CLANG_WARN_CONSTANT_CONVERSION = YES;
				CLANG_WARN_DEPRECATED_OBJC_IMPLEMENTATIONS = YES;
				CLANG_WARN_DIRECT_OBJC_ISA_USAGE = YES_ERROR;
				CLANG_WARN_DOCUMENTATION_COMMENTS = YES;
				CLANG_WARN_EMPTY_BODY = YES;
				CLANG_WARN_ENUM_CONVERSION = YES;
				CLANG_WARN_INFINITE_RECURSION = YES;
				CLANG_WARN_INT_CONVERSION = YES;
				CLANG_WARN_NON_LITERAL_NULL_CONVERSION = YES;
				CLANG_WARN_OBJC_IMPLICIT_RETAIN_SELF = YES;
				CLANG_WARN_OBJC_LITERAL_CONVERSION = YES;
				CLANG_WARN_OBJC_ROOT_CLASS = YES_ERROR;
				CLANG_WARN_QUOTED_INCLUDE_IN_FRAMEWORK_HEADER = YES;
				CLANG_WARN_RANGE_LOOP_ANALYSIS = YES;
				CLANG_WARN_STRICT_PROTOTYPES = YES;
				CLANG_WARN_SUSPICIOUS_MOVE = YES;
				CLANG_WARN_UNGUARDED_AVAILABILITY = YES_AGGRESSIVE;
				CLANG_WARN_UNREACHABLE_CODE = YES;
				CLANG_WARN__DUPLICATE_METHOD_MATCH = YES;
				COPY_PHASE_STRIP = NO;
				DEBUG_INFORMATION_FORMAT = dwarf;
				ENABLE_STRICT_OBJC_MSGSEND = YES;
				ENABLE_TESTABILITY = YES;
				GCC_C_LANGUAGE_STANDARD = gnu11;
				GCC_DYNAMIC_NO_PIC = NO;
				GCC_NO_COMMON_BLOCKS = YES;
				GCC_OPTIMIZATION_LEVEL = 0;
				GCC_PREPROCESSOR_DEFINITIONS = (
					"DEBUG=1",
					"$(inherited)",
				);
				GCC_WARN_64_TO_32_BIT_CONVERSION = YES;
				GCC_WARN_ABOUT_RETURN_TYPE = YES_ERROR;
				GCC_WARN_UNDECLARED_SELECTOR = YES;
				GCC_WARN_UNINITIALIZED_AUTOS = YES_AGGRESSIVE;
				GCC_WARN_UNUSED_FUNCTION = YES;
				GCC_WARN_UNUSED_VARIABLE = YES;
				IPHONEOS_DEPLOYMENT_TARGET = 14.4;
				MTL_ENABLE_DEBUG_INFO = INCLUDE_SOURCE;
				MTL_FAST_MATH = YES;
				ONLY_ACTIVE_ARCH = YES;
				SDKROOT = iphoneos;
				SWIFT_ACTIVE_COMPILATION_CONDITIONS = DEBUG;
				SWIFT_OPTIMIZATION_LEVEL = "-Onone";
			};
			name = Debug;
		};
		A8610D4F25D149F10072FECA /* Release */ = {
			isa = XCBuildConfiguration;
			buildSettings = {
				ALWAYS_SEARCH_USER_PATHS = NO;
				CLANG_ANALYZER_NONNULL = YES;
				CLANG_ANALYZER_NUMBER_OBJECT_CONVERSION = YES_AGGRESSIVE;
				CLANG_CXX_LANGUAGE_STANDARD = "gnu++14";
				CLANG_CXX_LIBRARY = "libc++";
				CLANG_ENABLE_MODULES = YES;
				CLANG_ENABLE_OBJC_ARC = YES;
				CLANG_ENABLE_OBJC_WEAK = YES;
				CLANG_WARN_BLOCK_CAPTURE_AUTORELEASING = YES;
				CLANG_WARN_BOOL_CONVERSION = YES;
				CLANG_WARN_COMMA = YES;
				CLANG_WARN_CONSTANT_CONVERSION = YES;
				CLANG_WARN_DEPRECATED_OBJC_IMPLEMENTATIONS = YES;
				CLANG_WARN_DIRECT_OBJC_ISA_USAGE = YES_ERROR;
				CLANG_WARN_DOCUMENTATION_COMMENTS = YES;
				CLANG_WARN_EMPTY_BODY = YES;
				CLANG_WARN_ENUM_CONVERSION = YES;
				CLANG_WARN_INFINITE_RECURSION = YES;
				CLANG_WARN_INT_CONVERSION = YES;
				CLANG_WARN_NON_LITERAL_NULL_CONVERSION = YES;
				CLANG_WARN_OBJC_IMPLICIT_RETAIN_SELF = YES;
				CLANG_WARN_OBJC_LITERAL_CONVERSION = YES;
				CLANG_WARN_OBJC_ROOT_CLASS = YES_ERROR;
				CLANG_WARN_QUOTED_INCLUDE_IN_FRAMEWORK_HEADER = YES;
				CLANG_WARN_RANGE_LOOP_ANALYSIS = YES;
				CLANG_WARN_STRICT_PROTOTYPES = YES;
				CLANG_WARN_SUSPICIOUS_MOVE = YES;
				CLANG_WARN_UNGUARDED_AVAILABILITY = YES_AGGRESSIVE;
				CLANG_WARN_UNREACHABLE_CODE = YES;
				CLANG_WARN__DUPLICATE_METHOD_MATCH = YES;
				COPY_PHASE_STRIP = NO;
				DEBUG_INFORMATION_FORMAT = "dwarf-with-dsym";
				ENABLE_NS_ASSERTIONS = NO;
				ENABLE_STRICT_OBJC_MSGSEND = YES;
				GCC_C_LANGUAGE_STANDARD = gnu11;
				GCC_NO_COMMON_BLOCKS = YES;
				GCC_WARN_64_TO_32_BIT_CONVERSION = YES;
				GCC_WARN_ABOUT_RETURN_TYPE = YES_ERROR;
				GCC_WARN_UNDECLARED_SELECTOR = YES;
				GCC_WARN_UNINITIALIZED_AUTOS = YES_AGGRESSIVE;
				GCC_WARN_UNUSED_FUNCTION = YES;
				GCC_WARN_UNUSED_VARIABLE = YES;
				IPHONEOS_DEPLOYMENT_TARGET = 14.4;
				MTL_ENABLE_DEBUG_INFO = NO;
				MTL_FAST_MATH = YES;
				SDKROOT = iphoneos;
				SWIFT_COMPILATION_MODE = wholemodule;
				SWIFT_OPTIMIZATION_LEVEL = "-O";
				VALIDATE_PRODUCT = YES;
			};
			name = Release;
		};
		A8610D5125D149F10072FECA /* Debug */ = {
			isa = XCBuildConfiguration;
			buildSettings = {
				ASSETCATALOG_COMPILER_APPICON_NAME = AppIcon;
				ASSETCATALOG_COMPILER_GLOBAL_ACCENT_COLOR_NAME = AccentColor;
				CODE_SIGN_STYLE = Automatic;
				DEVELOPMENT_TEAM = 4R899ZV6V2;
				INFOPLIST_FILE = "MVC/Supporting Files/Info.plist";
				LD_RUNPATH_SEARCH_PATHS = (
					"$(inherited)",
					"@executable_path/Frameworks",
				);
				PRODUCT_BUNDLE_IDENTIFIER = "Olga-Mikhnenko.MVC";
				PRODUCT_NAME = "$(TARGET_NAME)";
				SWIFT_VERSION = 5.0;
				TARGETED_DEVICE_FAMILY = "1,2";
			};
			name = Debug;
		};
		A8610D5225D149F10072FECA /* Release */ = {
			isa = XCBuildConfiguration;
			buildSettings = {
				ASSETCATALOG_COMPILER_APPICON_NAME = AppIcon;
				ASSETCATALOG_COMPILER_GLOBAL_ACCENT_COLOR_NAME = AccentColor;
				CODE_SIGN_STYLE = Automatic;
				DEVELOPMENT_TEAM = 4R899ZV6V2;
				INFOPLIST_FILE = "MVC/Supporting Files/Info.plist";
				LD_RUNPATH_SEARCH_PATHS = (
					"$(inherited)",
					"@executable_path/Frameworks",
				);
				PRODUCT_BUNDLE_IDENTIFIER = "Olga-Mikhnenko.MVC";
				PRODUCT_NAME = "$(TARGET_NAME)";
				SWIFT_VERSION = 5.0;
				TARGETED_DEVICE_FAMILY = "1,2";
			};
			name = Release;
		};
/* End XCBuildConfiguration section */

/* Begin XCConfigurationList section */
		A8610D3425D149EE0072FECA /* Build configuration list for PBXProject "MVC" */ = {
			isa = XCConfigurationList;
			buildConfigurations = (
				A8610D4E25D149F10072FECA /* Debug */,
				A8610D4F25D149F10072FECA /* Release */,
			);
			defaultConfigurationIsVisible = 0;
			defaultConfigurationName = Release;
		};
		A8610D5025D149F10072FECA /* Build configuration list for PBXNativeTarget "MVC" */ = {
			isa = XCConfigurationList;
			buildConfigurations = (
				A8610D5125D149F10072FECA /* Debug */,
				A8610D5225D149F10072FECA /* Release */,
			);
			defaultConfigurationIsVisible = 0;
			defaultConfigurationName = Release;
		};
/* End XCConfigurationList section */

/* Begin XCVersionGroup section */
		A8610D4525D149EE0072FECA /* MVC.xcdatamodeld */ = {
			isa = XCVersionGroup;
			children = (
				A8610D4625D149EE0072FECA /* MVC.xcdatamodel */,
			);
			currentVersion = A8610D4625D149EE0072FECA /* MVC.xcdatamodel */;
			path = MVC.xcdatamodeld;
			sourceTree = "<group>";
			versionGroupType = wrapper.xcdatamodel;
		};
/* End XCVersionGroup section */
	};
	rootObject = A8610D3125D149EE0072FECA /* Project object */;
}
